
Microsoft Visual Studio Solution File, Format Version 12.00
# Visual Studio Version 16
VisualStudioVersion = 16.0.32228.343
MinimumVisualStudioVersion = 10.0.40219.1
Project("{2150E333-8FDC-42A3-9474-1A3956D46DE8}") = "chapter02", "chapter02", "{69CD93D0-C6D2-49CC-8FAC-B65549535125}"
EndProject
Project("{FAE04EC0-301F-11D3-BF4B-00C04F79EFBC}") = "DistanceConverter", "Chapter02\DistanceConverter\DistanceConverter.csproj", "{67CAFC5B-4A7D-455B-926F-9EB76A4461A9}"
EndProject
Project("{FAE04EC0-301F-11D3-BF4B-00C04F79EFBC}") = "SalesCalculator", "Chapter02\SalesCalculator\SalesCalculator.csproj", "{5396A88E-5E7E-4C8C-BBEA-C6BDCB498373}"
EndProject
Project("{FAE04EC0-301F-11D3-BF4B-00C04F79EFBC}") = "Execise2", "Chapter02\Execise2\Execise2.csproj", "{5569EDC0-4206-4D3D-88A8-8CE6B850617E}"
EndProject
Project("{FAE04EC0-301F-11D3-BF4B-00C04F79EFBC}") = "Execise3", "Chapter02\Execise3\Execise3.csproj", "{C1959109-6D73-43B3-9EE6-61002430DE19}"
EndProject
Project("{2150E333-8FDC-42A3-9474-1A3956D46DE8}") = "chapter03", "chapter03", "{BF439185-0BF6-48D6-973C-ABF6A86E2CEE}"
EndProject
Project("{FAE04EC0-301F-11D3-BF4B-00C04F79EFBC}") = "Section01", "Section01\Section01.csproj", "{9D0E63D5-CA9B-48F1-A0D5-E7868729FB1A}"
EndProject
Project("{FAE04EC0-301F-11D3-BF4B-00C04F79EFBC}") = "Execise01", "Chapter03\ConsoleApp1\Execise01.csproj", "{FD43E1CC-4719-4901-B5BB-85A7BCBEC1C1}"
EndProject
Project("{FAE04EC0-301F-11D3-BF4B-00C04F79EFBC}") = "Section04", "Chapter03\Section04\Section04.csproj", "{C486B94F-E6FF-4941-91EE-B495C0B109D2}"
EndProject
Project("{FAE04EC0-301F-11D3-BF4B-00C04F79EFBC}") = "Execise02", "Chapter03\Execise\Execise02.csproj", "{5D344EF1-CA64-4DAB-92B2-6F74DF46A27D}"
EndProject
Project("{2150E333-8FDC-42A3-9474-1A3956D46DE8}") = "chapter04", "chapter04", "{D89CB2D4-92BB-48CD-92F5-F98E6F2D5138}"
EndProject
Project("{FAE04EC0-301F-11D3-BF4B-00C04F79EFBC}") = "Exercise01", "Chapter04\Exercise01\Exercise01.csproj", "{29240FBF-E09F-42FC-BB29-75600A972D12}"
EndProject
Project("{FAE04EC0-301F-11D3-BF4B-00C04F79EFBC}") = "Exercise02", "Chapter04\Execise02\Exercise02.csproj", "{E0A5959D-3AEA-47D4-9520-9384C56085A5}"
EndProject
Project("{2150E333-8FDC-42A3-9474-1A3956D46DE8}") = "chapter05", "chapter05", "{EA372813-BBB5-45FF-A30B-DF8F2EF7AF1F}"
EndProject
Project("{FAE04EC0-301F-11D3-BF4B-00C04F79EFBC}") = "Excercise01", "Chapter05\Excercise01\Excercise01.csproj", "{6378E404-C40E-4659-9A53-EDC85BA5AAD4}"
EndProject
Project("{FAE04EC0-301F-11D3-BF4B-00C04F79EFBC}") = "Excercise02", "Chapter05\Exercise02\Excercise02.csproj", "{9EFBBFC0-69AD-4E51-B6F4-B19E83C26828}"
EndProject
Project("{FAE04EC0-301F-11D3-BF4B-00C04F79EFBC}") = "Excercise03", "Chapter05\Excersice03\Excercise03.csproj", "{26353934-D0EE-4B19-8FB1-2EAF9CE06B9D}"
EndProject
Project("{FAE04EC0-301F-11D3-BF4B-00C04F79EFBC}") = "Exercise04", "Chapter05\Exercise04\Exercise04.csproj", "{2244DD9A-0E0F-4F03-BCE1-00C30A6B115D}"
EndProject
Project("{2150E333-8FDC-42A3-9474-1A3956D46DE8}") = "chapter06", "chapter06", "{052CBC81-1A51-45EA-9AD7-08FF28CC7350}"
EndProject
Project("{FAE04EC0-301F-11D3-BF4B-00C04F79EFBC}") = "Excercise01", "Chapter06\Excercise01\Excercise01.csproj", "{43C878A6-70F5-4E77-9BE5-EDFFC59D0739}"
EndProject
Project("{FAE04EC0-301F-11D3-BF4B-00C04F79EFBC}") = "Excercise02", "Chapter06\Excercise02\Excercise02.csproj", "{4857EA9C-ECEF-41E6-B077-5307CBC66848}"
EndProject
Project("{2150E333-8FDC-42A3-9474-1A3956D46DE8}") = "FormAppSample", "FormAppSample", "{4DAB74EC-BE65-4601-8BA7-BDB8FC648DBA}"
EndProject
Project("{FAE04EC0-301F-11D3-BF4B-00C04F79EFBC}") = "Sample0603", "FormAppSample\Sample0603\Sample0603.csproj", "{14FABF10-3736-42DD-A4FC-141B3B11A485}"
EndProject
Project("{FAE04EC0-301F-11D3-BF4B-00C04F79EFBC}") = "Sample0607", "FormAppSample\Sample0607\Sample0607.csproj", "{17C4AC37-F742-4E8D-B8AA-C272544FEB6E}"
EndProject
Project("{FAE04EC0-301F-11D3-BF4B-00C04F79EFBC}") = "NumberGame", "FormAppSample\NumberGame\NumberGame.csproj", "{61605949-C6CC-46DF-B0EC-775387D7A02D}"
EndProject
Project("{FAE04EC0-301F-11D3-BF4B-00C04F79EFBC}") = "AddressBook", "FormAppSample\AddressBook\AddressBook.csproj", "{68F04725-939F-4727-B276-D95EEF1ED112}"
EndProject
Project("{2150E333-8FDC-42A3-9474-1A3956D46DE8}") = "NewFolder1", "NewFolder1", "{BE34644F-3874-4800-B786-034444DA97FC}"
EndProject
Project("{2150E333-8FDC-42A3-9474-1A3956D46DE8}") = "Test202206", "Test202206", "{D8635499-7D3F-4512-9494-A7B7003F9E79}"
EndProject
Project("{FAE04EC0-301F-11D3-BF4B-00C04F79EFBC}") = "Test01", "Test202206\TestProject\Test01\Test01.csproj", "{2BFACDC3-F44D-4199-8498-F5C3C4AC0335}"
EndProject
Project("{FAE04EC0-301F-11D3-BF4B-00C04F79EFBC}") = "Test02", "Test202206\TestProject\Test02\Test02.csproj", "{E461C0A8-8900-485C-B520-E929BA33F712}"
EndProject
Project("{2150E333-8FDC-42A3-9474-1A3956D46DE8}") = "chapter11", "chapter11", "{54C16EDF-B2FD-4FB1-8F5C-9FD8DEABF890}"
EndProject
Project("{FAE04EC0-301F-11D3-BF4B-00C04F79EFBC}") = "XmlSample", "Chapter11\XmlSample\XmlSample.csproj", "{4A7B81BE-7BAE-4DDA-9C06-6EE8DAB89946}"
EndProject
Project("{FAE04EC0-301F-11D3-BF4B-00C04F79EFBC}") = "RssReader", "Chapter11\RssReader\RssReader.csproj", "{D0A80E67-BD6C-4E1F-9AE7-DF806B3CFB5B}"
EndProject
Project("{FAE04EC0-301F-11D3-BF4B-00C04F79EFBC}") = "Exercise1", "Chapter11\Exercise1\Exercise1.csproj", "{2EA88915-940D-4B9C-990E-C75E7FA81C98}"
EndProject
Project("{2150E333-8FDC-42A3-9474-1A3956D46DE8}") = "chapter12", "chapter12", "{087F8050-532D-419A-95D8-35D7D49798C2}"
EndProject
Project("{FAE04EC0-301F-11D3-BF4B-00C04F79EFBC}") = "Section01", "Chapter12\Section01\Section01.csproj", "{8FF25479-E881-416F-BD49-FCB78CC201E9}"
EndProject
Project("{FAE04EC0-301F-11D3-BF4B-00C04F79EFBC}") = "Section02", "Chapter12\Section02\Section02.csproj", "{24147AAB-1DD3-49F3-BDB0-8E04EDC789EB}"
EndProject
Project("{FAE04EC0-301F-11D3-BF4B-00C04F79EFBC}") = "Exersice01", "Chapter12\Exersice01\Exersice01.csproj", "{4AFCF964-9167-4130-8E20-F517CD4BAFA2}"
EndProject
Project("{FAE04EC0-301F-11D3-BF4B-00C04F79EFBC}") = "Exercise02", "Chapter12\Exercise02\Exercise02.csproj", "{D7D7D1E5-0733-49E7-944C-A3C808DB9E36}"
EndProject
Global
	GlobalSection(SolutionConfigurationPlatforms) = preSolution
		Debug|Any CPU = Debug|Any CPU
		Release|Any CPU = Release|Any CPU
	EndGlobalSection
	GlobalSection(ProjectConfigurationPlatforms) = postSolution
		{67CAFC5B-4A7D-455B-926F-9EB76A4461A9}.Debug|Any CPU.ActiveCfg = Debug|Any CPU
		{67CAFC5B-4A7D-455B-926F-9EB76A4461A9}.Debug|Any CPU.Build.0 = Debug|Any CPU
		{67CAFC5B-4A7D-455B-926F-9EB76A4461A9}.Release|Any CPU.ActiveCfg = Release|Any CPU
		{67CAFC5B-4A7D-455B-926F-9EB76A4461A9}.Release|Any CPU.Build.0 = Release|Any CPU
		{5396A88E-5E7E-4C8C-BBEA-C6BDCB498373}.Debug|Any CPU.ActiveCfg = Debug|Any CPU
		{5396A88E-5E7E-4C8C-BBEA-C6BDCB498373}.Debug|Any CPU.Build.0 = Debug|Any CPU
		{5396A88E-5E7E-4C8C-BBEA-C6BDCB498373}.Release|Any CPU.ActiveCfg = Release|Any CPU
		{5396A88E-5E7E-4C8C-BBEA-C6BDCB498373}.Release|Any CPU.Build.0 = Release|Any CPU
		{5569EDC0-4206-4D3D-88A8-8CE6B850617E}.Debug|Any CPU.ActiveCfg = Debug|Any CPU
		{5569EDC0-4206-4D3D-88A8-8CE6B850617E}.Debug|Any CPU.Build.0 = Debug|Any CPU
		{5569EDC0-4206-4D3D-88A8-8CE6B850617E}.Release|Any CPU.ActiveCfg = Release|Any CPU
		{5569EDC0-4206-4D3D-88A8-8CE6B850617E}.Release|Any CPU.Build.0 = Release|Any CPU
		{C1959109-6D73-43B3-9EE6-61002430DE19}.Debug|Any CPU.ActiveCfg = Debug|Any CPU
		{C1959109-6D73-43B3-9EE6-61002430DE19}.Debug|Any CPU.Build.0 = Debug|Any CPU
		{C1959109-6D73-43B3-9EE6-61002430DE19}.Release|Any CPU.ActiveCfg = Release|Any CPU
		{C1959109-6D73-43B3-9EE6-61002430DE19}.Release|Any CPU.Build.0 = Release|Any CPU
		{9D0E63D5-CA9B-48F1-A0D5-E7868729FB1A}.Debug|Any CPU.ActiveCfg = Debug|Any CPU
		{9D0E63D5-CA9B-48F1-A0D5-E7868729FB1A}.Debug|Any CPU.Build.0 = Debug|Any CPU
		{9D0E63D5-CA9B-48F1-A0D5-E7868729FB1A}.Release|Any CPU.ActiveCfg = Release|Any CPU
		{9D0E63D5-CA9B-48F1-A0D5-E7868729FB1A}.Release|Any CPU.Build.0 = Release|Any CPU
		{FD43E1CC-4719-4901-B5BB-85A7BCBEC1C1}.Debug|Any CPU.ActiveCfg = Debug|Any CPU
		{FD43E1CC-4719-4901-B5BB-85A7BCBEC1C1}.Debug|Any CPU.Build.0 = Debug|Any CPU
		{FD43E1CC-4719-4901-B5BB-85A7BCBEC1C1}.Release|Any CPU.ActiveCfg = Release|Any CPU
		{FD43E1CC-4719-4901-B5BB-85A7BCBEC1C1}.Release|Any CPU.Build.0 = Release|Any CPU
		{C486B94F-E6FF-4941-91EE-B495C0B109D2}.Debug|Any CPU.ActiveCfg = Debug|Any CPU
		{C486B94F-E6FF-4941-91EE-B495C0B109D2}.Debug|Any CPU.Build.0 = Debug|Any CPU
		{C486B94F-E6FF-4941-91EE-B495C0B109D2}.Release|Any CPU.ActiveCfg = Release|Any CPU
		{C486B94F-E6FF-4941-91EE-B495C0B109D2}.Release|Any CPU.Build.0 = Release|Any CPU
		{5D344EF1-CA64-4DAB-92B2-6F74DF46A27D}.Debug|Any CPU.ActiveCfg = Debug|Any CPU
		{5D344EF1-CA64-4DAB-92B2-6F74DF46A27D}.Debug|Any CPU.Build.0 = Debug|Any CPU
		{5D344EF1-CA64-4DAB-92B2-6F74DF46A27D}.Release|Any CPU.ActiveCfg = Release|Any CPU
		{5D344EF1-CA64-4DAB-92B2-6F74DF46A27D}.Release|Any CPU.Build.0 = Release|Any CPU
		{29240FBF-E09F-42FC-BB29-75600A972D12}.Debug|Any CPU.ActiveCfg = Debug|Any CPU
		{29240FBF-E09F-42FC-BB29-75600A972D12}.Debug|Any CPU.Build.0 = Debug|Any CPU
		{29240FBF-E09F-42FC-BB29-75600A972D12}.Release|Any CPU.ActiveCfg = Release|Any CPU
		{29240FBF-E09F-42FC-BB29-75600A972D12}.Release|Any CPU.Build.0 = Release|Any CPU
		{E0A5959D-3AEA-47D4-9520-9384C56085A5}.Debug|Any CPU.ActiveCfg = Debug|Any CPU
		{E0A5959D-3AEA-47D4-9520-9384C56085A5}.Debug|Any CPU.Build.0 = Debug|Any CPU
		{E0A5959D-3AEA-47D4-9520-9384C56085A5}.Release|Any CPU.ActiveCfg = Release|Any CPU
		{E0A5959D-3AEA-47D4-9520-9384C56085A5}.Release|Any CPU.Build.0 = Release|Any CPU
		{6378E404-C40E-4659-9A53-EDC85BA5AAD4}.Debug|Any CPU.ActiveCfg = Debug|Any CPU
		{6378E404-C40E-4659-9A53-EDC85BA5AAD4}.Debug|Any CPU.Build.0 = Debug|Any CPU
		{6378E404-C40E-4659-9A53-EDC85BA5AAD4}.Release|Any CPU.ActiveCfg = Release|Any CPU
		{6378E404-C40E-4659-9A53-EDC85BA5AAD4}.Release|Any CPU.Build.0 = Release|Any CPU
		{9EFBBFC0-69AD-4E51-B6F4-B19E83C26828}.Debug|Any CPU.ActiveCfg = Debug|Any CPU
		{9EFBBFC0-69AD-4E51-B6F4-B19E83C26828}.Debug|Any CPU.Build.0 = Debug|Any CPU
		{9EFBBFC0-69AD-4E51-B6F4-B19E83C26828}.Release|Any CPU.ActiveCfg = Release|Any CPU
		{9EFBBFC0-69AD-4E51-B6F4-B19E83C26828}.Release|Any CPU.Build.0 = Release|Any CPU
		{26353934-D0EE-4B19-8FB1-2EAF9CE06B9D}.Debug|Any CPU.ActiveCfg = Debug|Any CPU
		{26353934-D0EE-4B19-8FB1-2EAF9CE06B9D}.Debug|Any CPU.Build.0 = Debug|Any CPU
		{26353934-D0EE-4B19-8FB1-2EAF9CE06B9D}.Release|Any CPU.ActiveCfg = Release|Any CPU
		{26353934-D0EE-4B19-8FB1-2EAF9CE06B9D}.Release|Any CPU.Build.0 = Release|Any CPU
		{2244DD9A-0E0F-4F03-BCE1-00C30A6B115D}.Debug|Any CPU.ActiveCfg = Debug|Any CPU
		{2244DD9A-0E0F-4F03-BCE1-00C30A6B115D}.Debug|Any CPU.Build.0 = Debug|Any CPU
		{2244DD9A-0E0F-4F03-BCE1-00C30A6B115D}.Release|Any CPU.ActiveCfg = Release|Any CPU
		{2244DD9A-0E0F-4F03-BCE1-00C30A6B115D}.Release|Any CPU.Build.0 = Release|Any CPU
		{43C878A6-70F5-4E77-9BE5-EDFFC59D0739}.Debug|Any CPU.ActiveCfg = Debug|Any CPU
		{43C878A6-70F5-4E77-9BE5-EDFFC59D0739}.Debug|Any CPU.Build.0 = Debug|Any CPU
		{43C878A6-70F5-4E77-9BE5-EDFFC59D0739}.Release|Any CPU.ActiveCfg = Release|Any CPU
		{43C878A6-70F5-4E77-9BE5-EDFFC59D0739}.Release|Any CPU.Build.0 = Release|Any CPU
		{4857EA9C-ECEF-41E6-B077-5307CBC66848}.Debug|Any CPU.ActiveCfg = Debug|Any CPU
		{4857EA9C-ECEF-41E6-B077-5307CBC66848}.Debug|Any CPU.Build.0 = Debug|Any CPU
		{4857EA9C-ECEF-41E6-B077-5307CBC66848}.Release|Any CPU.ActiveCfg = Release|Any CPU
		{4857EA9C-ECEF-41E6-B077-5307CBC66848}.Release|Any CPU.Build.0 = Release|Any CPU
		{14FABF10-3736-42DD-A4FC-141B3B11A485}.Debug|Any CPU.ActiveCfg = Debug|Any CPU
		{14FABF10-3736-42DD-A4FC-141B3B11A485}.Debug|Any CPU.Build.0 = Debug|Any CPU
		{14FABF10-3736-42DD-A4FC-141B3B11A485}.Release|Any CPU.ActiveCfg = Release|Any CPU
		{14FABF10-3736-42DD-A4FC-141B3B11A485}.Release|Any CPU.Build.0 = Release|Any CPU
		{17C4AC37-F742-4E8D-B8AA-C272544FEB6E}.Debug|Any CPU.ActiveCfg = Debug|Any CPU
		{17C4AC37-F742-4E8D-B8AA-C272544FEB6E}.Debug|Any CPU.Build.0 = Debug|Any CPU
		{17C4AC37-F742-4E8D-B8AA-C272544FEB6E}.Release|Any CPU.ActiveCfg = Release|Any CPU
		{17C4AC37-F742-4E8D-B8AA-C272544FEB6E}.Release|Any CPU.Build.0 = Release|Any CPU
		{61605949-C6CC-46DF-B0EC-775387D7A02D}.Debug|Any CPU.ActiveCfg = Debug|Any CPU
		{61605949-C6CC-46DF-B0EC-775387D7A02D}.Debug|Any CPU.Build.0 = Debug|Any CPU
		{61605949-C6CC-46DF-B0EC-775387D7A02D}.Release|Any CPU.ActiveCfg = Release|Any CPU
		{61605949-C6CC-46DF-B0EC-775387D7A02D}.Release|Any CPU.Build.0 = Release|Any CPU
		{68F04725-939F-4727-B276-D95EEF1ED112}.Debug|Any CPU.ActiveCfg = Debug|Any CPU
		{68F04725-939F-4727-B276-D95EEF1ED112}.Debug|Any CPU.Build.0 = Debug|Any CPU
		{68F04725-939F-4727-B276-D95EEF1ED112}.Release|Any CPU.ActiveCfg = Release|Any CPU
		{68F04725-939F-4727-B276-D95EEF1ED112}.Release|Any CPU.Build.0 = Release|Any CPU
		{2BFACDC3-F44D-4199-8498-F5C3C4AC0335}.Debug|Any CPU.ActiveCfg = Debug|Any CPU
		{2BFACDC3-F44D-4199-8498-F5C3C4AC0335}.Debug|Any CPU.Build.0 = Debug|Any CPU
		{2BFACDC3-F44D-4199-8498-F5C3C4AC0335}.Release|Any CPU.ActiveCfg = Release|Any CPU
		{2BFACDC3-F44D-4199-8498-F5C3C4AC0335}.Release|Any CPU.Build.0 = Release|Any CPU
		{E461C0A8-8900-485C-B520-E929BA33F712}.Debug|Any CPU.ActiveCfg = Debug|Any CPU
		{E461C0A8-8900-485C-B520-E929BA33F712}.Debug|Any CPU.Build.0 = Debug|Any CPU
		{E461C0A8-8900-485C-B520-E929BA33F712}.Release|Any CPU.ActiveCfg = Release|Any CPU
		{E461C0A8-8900-485C-B520-E929BA33F712}.Release|Any CPU.Build.0 = Release|Any CPU
		{4A7B81BE-7BAE-4DDA-9C06-6EE8DAB89946}.Debug|Any CPU.ActiveCfg = Debug|Any CPU
		{4A7B81BE-7BAE-4DDA-9C06-6EE8DAB89946}.Debug|Any CPU.Build.0 = Debug|Any CPU
		{4A7B81BE-7BAE-4DDA-9C06-6EE8DAB89946}.Release|Any CPU.ActiveCfg = Release|Any CPU
		{4A7B81BE-7BAE-4DDA-9C06-6EE8DAB89946}.Release|Any CPU.Build.0 = Release|Any CPU
		{D0A80E67-BD6C-4E1F-9AE7-DF806B3CFB5B}.Debug|Any CPU.ActiveCfg = Debug|Any CPU
		{D0A80E67-BD6C-4E1F-9AE7-DF806B3CFB5B}.Debug|Any CPU.Build.0 = Debug|Any CPU
		{D0A80E67-BD6C-4E1F-9AE7-DF806B3CFB5B}.Release|Any CPU.ActiveCfg = Release|Any CPU
		{D0A80E67-BD6C-4E1F-9AE7-DF806B3CFB5B}.Release|Any CPU.Build.0 = Release|Any CPU
		{2EA88915-940D-4B9C-990E-C75E7FA81C98}.Debug|Any CPU.ActiveCfg = Debug|Any CPU
		{2EA88915-940D-4B9C-990E-C75E7FA81C98}.Debug|Any CPU.Build.0 = Debug|Any CPU
		{2EA88915-940D-4B9C-990E-C75E7FA81C98}.Release|Any CPU.ActiveCfg = Release|Any CPU
		{2EA88915-940D-4B9C-990E-C75E7FA81C98}.Release|Any CPU.Build.0 = Release|Any CPU
		{8FF25479-E881-416F-BD49-FCB78CC201E9}.Debug|Any CPU.ActiveCfg = Debug|Any CPU
		{8FF25479-E881-416F-BD49-FCB78CC201E9}.Debug|Any CPU.Build.0 = Debug|Any CPU
		{8FF25479-E881-416F-BD49-FCB78CC201E9}.Release|Any CPU.ActiveCfg = Release|Any CPU
		{8FF25479-E881-416F-BD49-FCB78CC201E9}.Release|Any CPU.Build.0 = Release|Any CPU
		{24147AAB-1DD3-49F3-BDB0-8E04EDC789EB}.Debug|Any CPU.ActiveCfg = Debug|Any CPU
		{24147AAB-1DD3-49F3-BDB0-8E04EDC789EB}.Debug|Any CPU.Build.0 = Debug|Any CPU
		{24147AAB-1DD3-49F3-BDB0-8E04EDC789EB}.Release|Any CPU.ActiveCfg = Release|Any CPU
		{24147AAB-1DD3-49F3-BDB0-8E04EDC789EB}.Release|Any CPU.Build.0 = Release|Any CPU
		{4AFCF964-9167-4130-8E20-F517CD4BAFA2}.Debug|Any CPU.ActiveCfg = Debug|Any CPU
		{4AFCF964-9167-4130-8E20-F517CD4BAFA2}.Debug|Any CPU.Build.0 = Debug|Any CPU
		{4AFCF964-9167-4130-8E20-F517CD4BAFA2}.Release|Any CPU.ActiveCfg = Release|Any CPU
		{4AFCF964-9167-4130-8E20-F517CD4BAFA2}.Release|Any CPU.Build.0 = Release|Any CPU
		{D7D7D1E5-0733-49E7-944C-A3C808DB9E36}.Debug|Any CPU.ActiveCfg = Debug|Any CPU
		{D7D7D1E5-0733-49E7-944C-A3C808DB9E36}.Debug|Any CPU.Build.0 = Debug|Any CPU
		{D7D7D1E5-0733-49E7-944C-A3C808DB9E36}.Release|Any CPU.ActiveCfg = Release|Any CPU
		{D7D7D1E5-0733-49E7-944C-A3C808DB9E36}.Release|Any CPU.Build.0 = Release|Any CPU
	EndGlobalSection
	GlobalSection(SolutionProperties) = preSolution
		HideSolutionNode = FALSE
	EndGlobalSection
	GlobalSection(NestedProjects) = preSolution
		{67CAFC5B-4A7D-455B-926F-9EB76A4461A9} = {69CD93D0-C6D2-49CC-8FAC-B65549535125}
		{5396A88E-5E7E-4C8C-BBEA-C6BDCB498373} = {69CD93D0-C6D2-49CC-8FAC-B65549535125}
		{5569EDC0-4206-4D3D-88A8-8CE6B850617E} = {69CD93D0-C6D2-49CC-8FAC-B65549535125}
		{C1959109-6D73-43B3-9EE6-61002430DE19} = {69CD93D0-C6D2-49CC-8FAC-B65549535125}
		{9D0E63D5-CA9B-48F1-A0D5-E7868729FB1A} = {BF439185-0BF6-48D6-973C-ABF6A86E2CEE}
		{FD43E1CC-4719-4901-B5BB-85A7BCBEC1C1} = {BF439185-0BF6-48D6-973C-ABF6A86E2CEE}
		{C486B94F-E6FF-4941-91EE-B495C0B109D2} = {BF439185-0BF6-48D6-973C-ABF6A86E2CEE}
		{5D344EF1-CA64-4DAB-92B2-6F74DF46A27D} = {BF439185-0BF6-48D6-973C-ABF6A86E2CEE}
		{29240FBF-E09F-42FC-BB29-75600A972D12} = {D89CB2D4-92BB-48CD-92F5-F98E6F2D5138}
		{E0A5959D-3AEA-47D4-9520-9384C56085A5} = {D89CB2D4-92BB-48CD-92F5-F98E6F2D5138}
		{6378E404-C40E-4659-9A53-EDC85BA5AAD4} = {EA372813-BBB5-45FF-A30B-DF8F2EF7AF1F}
		{9EFBBFC0-69AD-4E51-B6F4-B19E83C26828} = {EA372813-BBB5-45FF-A30B-DF8F2EF7AF1F}
		{26353934-D0EE-4B19-8FB1-2EAF9CE06B9D} = {EA372813-BBB5-45FF-A30B-DF8F2EF7AF1F}
		{2244DD9A-0E0F-4F03-BCE1-00C30A6B115D} = {EA372813-BBB5-45FF-A30B-DF8F2EF7AF1F}
		{43C878A6-70F5-4E77-9BE5-EDFFC59D0739} = {052CBC81-1A51-45EA-9AD7-08FF28CC7350}
		{4857EA9C-ECEF-41E6-B077-5307CBC66848} = {052CBC81-1A51-45EA-9AD7-08FF28CC7350}
		{14FABF10-3736-42DD-A4FC-141B3B11A485} = {4DAB74EC-BE65-4601-8BA7-BDB8FC648DBA}
		{17C4AC37-F742-4E8D-B8AA-C272544FEB6E} = {4DAB74EC-BE65-4601-8BA7-BDB8FC648DBA}
		{61605949-C6CC-46DF-B0EC-775387D7A02D} = {4DAB74EC-BE65-4601-8BA7-BDB8FC648DBA}
		{68F04725-939F-4727-B276-D95EEF1ED112} = {4DAB74EC-BE65-4601-8BA7-BDB8FC648DBA}
		{BE34644F-3874-4800-B786-034444DA97FC} = {69CD93D0-C6D2-49CC-8FAC-B65549535125}
		{2BFACDC3-F44D-4199-8498-F5C3C4AC0335} = {D8635499-7D3F-4512-9494-A7B7003F9E79}
		{E461C0A8-8900-485C-B520-E929BA33F712} = {D8635499-7D3F-4512-9494-A7B7003F9E79}
		{4A7B81BE-7BAE-4DDA-9C06-6EE8DAB89946} = {54C16EDF-B2FD-4FB1-8F5C-9FD8DEABF890}
		{D0A80E67-BD6C-4E1F-9AE7-DF806B3CFB5B} = {54C16EDF-B2FD-4FB1-8F5C-9FD8DEABF890}
		{2EA88915-940D-4B9C-990E-C75E7FA81C98} = {54C16EDF-B2FD-4FB1-8F5C-9FD8DEABF890}
		{8FF25479-E881-416F-BD49-FCB78CC201E9} = {087F8050-532D-419A-95D8-35D7D49798C2}
		{24147AAB-1DD3-49F3-BDB0-8E04EDC789EB} = {087F8050-532D-419A-95D8-35D7D49798C2}
		{4AFCF964-9167-4130-8E20-F517CD4BAFA2} = {087F8050-532D-419A-95D8-35D7D49798C2}
		{D7D7D1E5-0733-49E7-944C-A3C808DB9E36} = {087F8050-532D-419A-95D8-35D7D49798C2}
	EndGlobalSection
	GlobalSection(ExtensibilityGlobals) = postSolution
		SolutionGuid = {0F69EADA-54D9-408F-B7C4-0AA20619E77B}
	EndGlobalSection
EndGlobal
